// !$*UTF8*$!
{
	archiveVersion = 1;
	classes = {
	};
	objectVersion = 48;
	objects = {

/* Begin PBXBuildFile section */
		8A219B6E20AD819400214717 /* AppDelegate.swift in Sources */ = {isa = PBXBuildFile; fileRef = 8A219B6D20AD819400214717 /* AppDelegate.swift */; };
		8A219B7320AD819400214717 /* Main.storyboard in Resources */ = {isa = PBXBuildFile; fileRef = 8A219B7120AD819400214717 /* Main.storyboard */; };
		8A219B7620AD819400214717 /* contactListSwift.xcdatamodeld in Sources */ = {isa = PBXBuildFile; fileRef = 8A219B7420AD819400214717 /* contactListSwift.xcdatamodeld */; };
		8A219B7820AD819400214717 /* Assets.xcassets in Resources */ = {isa = PBXBuildFile; fileRef = 8A219B7720AD819400214717 /* Assets.xcassets */; };
		8A219B7B20AD819400214717 /* LaunchScreen.storyboard in Resources */ = {isa = PBXBuildFile; fileRef = 8A219B7920AD819400214717 /* LaunchScreen.storyboard */; };
		8A219B8620AD819500214717 /* contactListSwiftTests.swift in Sources */ = {isa = PBXBuildFile; fileRef = 8A219B8520AD819500214717 /* contactListSwiftTests.swift */; };
		8A219B9120AD852200214717 /* ContactList.swift in Sources */ = {isa = PBXBuildFile; fileRef = 8A219B9020AD852200214717 /* ContactList.swift */; };
		8A219B9320AD856D00214717 /* ContactDetails.swift in Sources */ = {isa = PBXBuildFile; fileRef = 8A219B9220AD856D00214717 /* ContactDetails.swift */; };
		8A219B9520AD859F00214717 /* Helper.swift in Sources */ = {isa = PBXBuildFile; fileRef = 8A219B9420AD859F00214717 /* Helper.swift */; };
		8A219B9720AD86C900214717 /* NetworkManager.swift in Sources */ = {isa = PBXBuildFile; fileRef = 8A219B9620AD86C900214717 /* NetworkManager.swift */; };
		8A219B9920AD87D900214717 /* person.swift in Sources */ = {isa = PBXBuildFile; fileRef = 8A219B9820AD87D900214717 /* person.swift */; };
		8A219B9B20ADB4C300214717 /* contactCell.swift in Sources */ = {isa = PBXBuildFile; fileRef = 8A219B9A20ADB4C300214717 /* contactCell.swift */; };
		8A861D0220AF780000D487F7 /* Info.plist in Resources */ = {isa = PBXBuildFile; fileRef = 8A861D0120AF780000D487F7 /* Info.plist */; };
		8AA8F64420AEEAD0007B5556 /* GlobalSplitViewController.swift in Sources */ = {isa = PBXBuildFile; fileRef = 8AA8F64320AEEAD0007B5556 /* GlobalSplitViewController.swift */; };
		A1F624CF87636591AC18EDD8 /* Pods_contactListSwift.framework in Frameworks */ = {isa = PBXBuildFile; fileRef = 52B866ACD8FBFFCC4227B2A7 /* Pods_contactListSwift.framework */; };
		D9F5F2AFC1ACF4D7DDF1A911 /* Pods_contactListSwiftTests.framework in Frameworks */ = {isa = PBXBuildFile; fileRef = 695D5A1172B9E0C780F8507D /* Pods_contactListSwiftTests.framework */; };
/* End PBXBuildFile section */

/* Begin PBXContainerItemProxy section */
		8A219B8220AD819500214717 /* PBXContainerItemProxy */ = {
			isa = PBXContainerItemProxy;
			containerPortal = 8A219B6220AD819400214717 /* Project object */;
			proxyType = 1;
			remoteGlobalIDString = 8A219B6920AD819400214717;
			remoteInfo = contactListSwift;
		};
/* End PBXContainerItemProxy section */

/* Begin PBXFileReference section */
		006ED4E209F0BAB3FE5103D4 /* Pods-contactListSwift.release.xcconfig */ = {isa = PBXFileReference; includeInIndex = 1; lastKnownFileType = text.xcconfig; name = "Pods-contactListSwift.release.xcconfig"; path = "Pods/Target Support Files/Pods-contactListSwift/Pods-contactListSwift.release.xcconfig"; sourceTree = "<group>"; };
		38FB162C9EF39DA0226EE618 /* Pods-contactListSwiftTests.release.xcconfig */ = {isa = PBXFileReference; includeInIndex = 1; lastKnownFileType = text.xcconfig; name = "Pods-contactListSwiftTests.release.xcconfig"; path = "Pods/Target Support Files/Pods-contactListSwiftTests/Pods-contactListSwiftTests.release.xcconfig"; sourceTree = "<group>"; };
		52B866ACD8FBFFCC4227B2A7 /* Pods_contactListSwift.framework */ = {isa = PBXFileReference; explicitFileType = wrapper.framework; includeInIndex = 0; path = Pods_contactListSwift.framework; sourceTree = BUILT_PRODUCTS_DIR; };
		695D5A1172B9E0C780F8507D /* Pods_contactListSwiftTests.framework */ = {isa = PBXFileReference; explicitFileType = wrapper.framework; includeInIndex = 0; path = Pods_contactListSwiftTests.framework; sourceTree = BUILT_PRODUCTS_DIR; };
		716B0178BFFBC83BE77BCB92 /* Pods-contactListSwiftTests.debug.xcconfig */ = {isa = PBXFileReference; includeInIndex = 1; lastKnownFileType = text.xcconfig; name = "Pods-contactListSwiftTests.debug.xcconfig"; path = "Pods/Target Support Files/Pods-contactListSwiftTests/Pods-contactListSwiftTests.debug.xcconfig"; sourceTree = "<group>"; };
		8A219B6A20AD819400214717 /* contactListSwift.app */ = {isa = PBXFileReference; explicitFileType = wrapper.application; includeInIndex = 0; path = contactListSwift.app; sourceTree = BUILT_PRODUCTS_DIR; };
		8A219B6D20AD819400214717 /* AppDelegate.swift */ = {isa = PBXFileReference; lastKnownFileType = sourcecode.swift; path = AppDelegate.swift; sourceTree = "<group>"; };
		8A219B7220AD819400214717 /* Base */ = {isa = PBXFileReference; lastKnownFileType = file.storyboard; name = Base; path = Base.lproj/Main.storyboard; sourceTree = "<group>"; };
		8A219B7520AD819400214717 /* contactListSwift.xcdatamodel */ = {isa = PBXFileReference; lastKnownFileType = wrapper.xcdatamodel; path = contactListSwift.xcdatamodel; sourceTree = "<group>"; };
		8A219B7720AD819400214717 /* Assets.xcassets */ = {isa = PBXFileReference; lastKnownFileType = folder.assetcatalog; path = Assets.xcassets; sourceTree = "<group>"; };
		8A219B7A20AD819400214717 /* Base */ = {isa = PBXFileReference; lastKnownFileType = file.storyboard; name = Base; path = Base.lproj/LaunchScreen.storyboard; sourceTree = "<group>"; };
		8A219B8120AD819400214717 /* contactListSwiftTests.xctest */ = {isa = PBXFileReference; explicitFileType = wrapper.cfbundle; includeInIndex = 0; path = contactListSwiftTests.xctest; sourceTree = BUILT_PRODUCTS_DIR; };
		8A219B8520AD819500214717 /* contactListSwiftTests.swift */ = {isa = PBXFileReference; lastKnownFileType = sourcecode.swift; path = contactListSwiftTests.swift; sourceTree = "<group>"; };
		8A219B8720AD819500214717 /* Info.plist */ = {isa = PBXFileReference; lastKnownFileType = text.plist.xml; path = Info.plist; sourceTree = "<group>"; };
		8A219B9020AD852200214717 /* ContactList.swift */ = {isa = PBXFileReference; lastKnownFileType = sourcecode.swift; path = ContactList.swift; sourceTree = "<group>"; };
		8A219B9220AD856D00214717 /* ContactDetails.swift */ = {isa = PBXFileReference; lastKnownFileType = sourcecode.swift; path = ContactDetails.swift; sourceTree = "<group>"; };
		8A219B9420AD859F00214717 /* Helper.swift */ = {isa = PBXFileReference; lastKnownFileType = sourcecode.swift; path = Helper.swift; sourceTree = "<group>"; };
		8A219B9620AD86C900214717 /* NetworkManager.swift */ = {isa = PBXFileReference; lastKnownFileType = sourcecode.swift; path = NetworkManager.swift; sourceTree = "<group>"; };
		8A219B9820AD87D900214717 /* person.swift */ = {isa = PBXFileReference; lastKnownFileType = sourcecode.swift; path = person.swift; sourceTree = "<group>"; };
		8A219B9A20ADB4C300214717 /* contactCell.swift */ = {isa = PBXFileReference; lastKnownFileType = sourcecode.swift; path = contactCell.swift; sourceTree = "<group>"; };
		8A861D0120AF780000D487F7 /* Info.plist */ = {isa = PBXFileReference; fileEncoding = 4; lastKnownFileType = text.plist.xml; path = Info.plist; sourceTree = "<group>"; };
		8AA8F64320AEEAD0007B5556 /* GlobalSplitViewController.swift */ = {isa = PBXFileReference; lastKnownFileType = sourcecode.swift; path = GlobalSplitViewController.swift; sourceTree = "<group>"; };
		BFA29B73FD0210C5EC9DA24A /* Pods-contactListSwift.debug.xcconfig */ = {isa = PBXFileReference; includeInIndex = 1; lastKnownFileType = text.xcconfig; name = "Pods-contactListSwift.debug.xcconfig"; path = "Pods/Target Support Files/Pods-contactListSwift/Pods-contactListSwift.debug.xcconfig"; sourceTree = "<group>"; };
/* End PBXFileReference section */

/* Begin PBXFrameworksBuildPhase section */
		8A219B6720AD819400214717 /* Frameworks */ = {
			isa = PBXFrameworksBuildPhase;
			buildActionMask = 2147483647;
			files = (
				A1F624CF87636591AC18EDD8 /* Pods_contactListSwift.framework in Frameworks */,
			);
			runOnlyForDeploymentPostprocessing = 0;
		};
		8A219B7E20AD819400214717 /* Frameworks */ = {
			isa = PBXFrameworksBuildPhase;
			buildActionMask = 2147483647;
			files = (
				D9F5F2AFC1ACF4D7DDF1A911 /* Pods_contactListSwiftTests.framework in Frameworks */,
			);
			runOnlyForDeploymentPostprocessing = 0;
		};
/* End PBXFrameworksBuildPhase section */

/* Begin PBXGroup section */
		283CFA5E20D7D7BCB14E2D64 /* Pods */ = {
			isa = PBXGroup;
			children = (
				BFA29B73FD0210C5EC9DA24A /* Pods-contactListSwift.debug.xcconfig */,
				006ED4E209F0BAB3FE5103D4 /* Pods-contactListSwift.release.xcconfig */,
				716B0178BFFBC83BE77BCB92 /* Pods-contactListSwiftTests.debug.xcconfig */,
				38FB162C9EF39DA0226EE618 /* Pods-contactListSwiftTests.release.xcconfig */,
			);
			name = Pods;
			sourceTree = "<group>";
		};
		80A9D60FB6FB19BBA95B3651 /* Frameworks */ = {
			isa = PBXGroup;
			children = (
				52B866ACD8FBFFCC4227B2A7 /* Pods_contactListSwift.framework */,
				695D5A1172B9E0C780F8507D /* Pods_contactListSwiftTests.framework */,
			);
			name = Frameworks;
			sourceTree = "<group>";
		};
		8A219B6120AD819400214717 = {
			isa = PBXGroup;
			children = (
				8A219B6C20AD819400214717 /* contactListSwift */,
				8A219B8420AD819500214717 /* contactListSwiftTests */,
				8A219B6B20AD819400214717 /* Products */,
				283CFA5E20D7D7BCB14E2D64 /* Pods */,
				80A9D60FB6FB19BBA95B3651 /* Frameworks */,
			);
			sourceTree = "<group>";
		};
		8A219B6B20AD819400214717 /* Products */ = {
			isa = PBXGroup;
			children = (
				8A219B6A20AD819400214717 /* contactListSwift.app */,
				8A219B8120AD819400214717 /* contactListSwiftTests.xctest */,
			);
			name = Products;
			sourceTree = "<group>";
		};
		8A219B6C20AD819400214717 /* contactListSwift */ = {
			isa = PBXGroup;
			children = (
				8A219B6D20AD819400214717 /* AppDelegate.swift */,
				8A861D0120AF780000D487F7 /* Info.plist */,
				8AEC353A20AF74FE00B40266 /* Resources */,
				8AEC353820AF74DA00B40266 /* viewController */,
				8AEC353720AF74C500B40266 /* Helper */,
				8AEC353920AF74F100B40266 /* module */,
				8A219B7420AD819400214717 /* contactListSwift.xcdatamodeld */,
			);
			path = contactListSwift;
			sourceTree = "<group>";
		};
		8A219B8420AD819500214717 /* contactListSwiftTests */ = {
			isa = PBXGroup;
			children = (
				8A219B8520AD819500214717 /* contactListSwiftTests.swift */,
				8A219B8720AD819500214717 /* Info.plist */,
			);
			path = contactListSwiftTests;
			sourceTree = "<group>";
		};
		8AEC353720AF74C500B40266 /* Helper */ = {
			isa = PBXGroup;
			children = (
				8A219B9420AD859F00214717 /* Helper.swift */,
				8A219B9620AD86C900214717 /* NetworkManager.swift */,
			);
			path = Helper;
			sourceTree = "<group>";
		};
		8AEC353820AF74DA00B40266 /* viewController */ = {
			isa = PBXGroup;
			children = (
				8A219B9020AD852200214717 /* ContactList.swift */,
				8A219B9A20ADB4C300214717 /* contactCell.swift */,
				8A219B9220AD856D00214717 /* ContactDetails.swift */,
				8AA8F64320AEEAD0007B5556 /* GlobalSplitViewController.swift */,
			);
			path = viewController;
			sourceTree = "<group>";
		};
		8AEC353920AF74F100B40266 /* module */ = {
			isa = PBXGroup;
			children = (
				8A219B9820AD87D900214717 /* person.swift */,
			);
			path = module;
			sourceTree = "<group>";
		};
		8AEC353A20AF74FE00B40266 /* Resources */ = {
			isa = PBXGroup;
			children = (
				8A219B7120AD819400214717 /* Main.storyboard */,
				8A219B7720AD819400214717 /* Assets.xcassets */,
				8A219B7920AD819400214717 /* LaunchScreen.storyboard */,
			);
			path = Resources;
			sourceTree = "<group>";
		};
/* End PBXGroup section */

/* Begin PBXNativeTarget section */
		8A219B6920AD819400214717 /* contactListSwift */ = {
			isa = PBXNativeTarget;
			buildConfigurationList = 8A219B8A20AD819500214717 /* Build configuration list for PBXNativeTarget "contactListSwift" */;
			buildPhases = (
				8E4A1689861A5B659DD809B0 /* [CP] Check Pods Manifest.lock */,
				8A219B6620AD819400214717 /* Sources */,
				8A219B6720AD819400214717 /* Frameworks */,
				8A219B6820AD819400214717 /* Resources */,
				88E2B9FC4946396D0730F1A3 /* [CP] Embed Pods Frameworks */,
			);
			buildRules = (
			);
			dependencies = (
			);
			name = contactListSwift;
			productName = contactListSwift;
			productReference = 8A219B6A20AD819400214717 /* contactListSwift.app */;
			productType = "com.apple.product-type.application";
		};
		8A219B8020AD819400214717 /* contactListSwiftTests */ = {
			isa = PBXNativeTarget;
			buildConfigurationList = 8A219B8D20AD819500214717 /* Build configuration list for PBXNativeTarget "contactListSwiftTests" */;
			buildPhases = (
				59F5951638E37D97E7FEA11C /* [CP] Check Pods Manifest.lock */,
				8A219B7D20AD819400214717 /* Sources */,
				8A219B7E20AD819400214717 /* Frameworks */,
				8A219B7F20AD819400214717 /* Resources */,
			);
			buildRules = (
			);
			dependencies = (
				8A219B8320AD819500214717 /* PBXTargetDependency */,
			);
			name = contactListSwiftTests;
			productName = contactListSwiftTests;
			productReference = 8A219B8120AD819400214717 /* contactListSwiftTests.xctest */;
			productType = "com.apple.product-type.bundle.unit-test";
		};
/* End PBXNativeTarget section */

/* Begin PBXProject section */
		8A219B6220AD819400214717 /* Project object */ = {
			isa = PBXProject;
			attributes = {
				LastSwiftUpdateCheck = 0910;
				LastUpgradeCheck = 0910;
				ORGANIZATIONNAME = "Anuran Ghosh";
				TargetAttributes = {
					8A219B6920AD819400214717 = {
						CreatedOnToolsVersion = 9.1;
						ProvisioningStyle = Automatic;
					};
					8A219B8020AD819400214717 = {
						CreatedOnToolsVersion = 9.1;
						ProvisioningStyle = Automatic;
						TestTargetID = 8A219B6920AD819400214717;
					};
				};
			};
			buildConfigurationList = 8A219B6520AD819400214717 /* Build configuration list for PBXProject "contactListSwift" */;
			compatibilityVersion = "Xcode 8.0";
			developmentRegion = en;
			hasScannedForEncodings = 0;
			knownRegions = (
				en,
				Base,
			);
			mainGroup = 8A219B6120AD819400214717;
			productRefGroup = 8A219B6B20AD819400214717 /* Products */;
			projectDirPath = "";
			projectRoot = "";
			targets = (
				8A219B6920AD819400214717 /* contactListSwift */,
				8A219B8020AD819400214717 /* contactListSwiftTests */,
			);
		};
/* End PBXProject section */

/* Begin PBXResourcesBuildPhase section */
		8A219B6820AD819400214717 /* Resources */ = {
			isa = PBXResourcesBuildPhase;
			buildActionMask = 2147483647;
			files = (
				8A861D0220AF780000D487F7 /* Info.plist in Resources */,
				8A219B7B20AD819400214717 /* LaunchScreen.storyboard in Resources */,
				8A219B7820AD819400214717 /* Assets.xcassets in Resources */,
				8A219B7320AD819400214717 /* Main.storyboard in Resources */,
			);
			runOnlyForDeploymentPostprocessing = 0;
		};
		8A219B7F20AD819400214717 /* Resources */ = {
			isa = PBXResourcesBuildPhase;
			buildActionMask = 2147483647;
			files = (
			);
			runOnlyForDeploymentPostprocessing = 0;
		};
/* End PBXResourcesBuildPhase section */

/* Begin PBXShellScriptBuildPhase section */
		59F5951638E37D97E7FEA11C /* [CP] Check Pods Manifest.lock */ = {
			isa = PBXShellScriptBuildPhase;
			buildActionMask = 2147483647;
			files = (
			);
			inputPaths = (
				"${PODS_PODFILE_DIR_PATH}/Podfile.lock",
				"${PODS_ROOT}/Manifest.lock",
			);
			name = "[CP] Check Pods Manifest.lock";
			outputPaths = (
				"$(DERIVED_FILE_DIR)/Pods-contactListSwiftTests-checkManifestLockResult.txt",
			);
			runOnlyForDeploymentPostprocessing = 0;
			shellPath = /bin/sh;
			shellScript = "diff \"${PODS_PODFILE_DIR_PATH}/Podfile.lock\" \"${PODS_ROOT}/Manifest.lock\" > /dev/null\nif [ $? != 0 ] ; then\n    # print error to STDERR\n    echo \"error: The sandbox is not in sync with the Podfile.lock. Run 'pod install' or update your CocoaPods installation.\" >&2\n    exit 1\nfi\n# This output is used by Xcode 'outputs' to avoid re-running this script phase.\necho \"SUCCESS\" > \"${SCRIPT_OUTPUT_FILE_0}\"\n";
			showEnvVarsInLog = 0;
		};
		88E2B9FC4946396D0730F1A3 /* [CP] Embed Pods Frameworks */ = {
			isa = PBXShellScriptBuildPhase;
			buildActionMask = 2147483647;
			files = (
			);
			inputPaths = (
				"${SRCROOT}/Pods/Target Support Files/Pods-contactListSwift/Pods-contactListSwift-frameworks.sh",
				"${BUILT_PRODUCTS_DIR}/Alamofire/Alamofire.framework",
				"${BUILT_PRODUCTS_DIR}/AlamofireNetworkActivityIndicator/AlamofireNetworkActivityIndicator.framework",
			);
			name = "[CP] Embed Pods Frameworks";
			outputPaths = (
				"${TARGET_BUILD_DIR}/${FRAMEWORKS_FOLDER_PATH}/Alamofire.framework",
				"${TARGET_BUILD_DIR}/${FRAMEWORKS_FOLDER_PATH}/AlamofireNetworkActivityIndicator.framework",
			);
			runOnlyForDeploymentPostprocessing = 0;
			shellPath = /bin/sh;
			shellScript = "\"${SRCROOT}/Pods/Target Support Files/Pods-contactListSwift/Pods-contactListSwift-frameworks.sh\"\n";
			showEnvVarsInLog = 0;
		};
		8E4A1689861A5B659DD809B0 /* [CP] Check Pods Manifest.lock */ = {
			isa = PBXShellScriptBuildPhase;
			buildActionMask = 2147483647;
			files = (
			);
			inputPaths = (
				"${PODS_PODFILE_DIR_PATH}/Podfile.lock",
				"${PODS_ROOT}/Manifest.lock",
			);
			name = "[CP] Check Pods Manifest.lock";
			outputPaths = (
				"$(DERIVED_FILE_DIR)/Pods-contactListSwift-checkManifestLockResult.txt",
			);
			runOnlyForDeploymentPostprocessing = 0;
			shellPath = /bin/sh;
			shellScript = "diff \"${PODS_PODFILE_DIR_PATH}/Podfile.lock\" \"${PODS_ROOT}/Manifest.lock\" > /dev/null\nif [ $? != 0 ] ; then\n    # print error to STDERR\n    echo \"error: The sandbox is not in sync with the Podfile.lock. Run 'pod install' or update your CocoaPods installation.\" >&2\n    exit 1\nfi\n# This output is used by Xcode 'outputs' to avoid re-running this script phase.\necho \"SUCCESS\" > \"${SCRIPT_OUTPUT_FILE_0}\"\n";
			showEnvVarsInLog = 0;
		};
/* End PBXShellScriptBuildPhase section */

/* Begin PBXSourcesBuildPhase section */
		8A219B6620AD819400214717 /* Sources */ = {
			isa = PBXSourcesBuildPhase;
			buildActionMask = 2147483647;
			files = (
				8A219B9B20ADB4C300214717 /* contactCell.swift in Sources */,
				8A219B9720AD86C900214717 /* NetworkManager.swift in Sources */,
				8A219B9120AD852200214717 /* ContactList.swift in Sources */,
				8A219B9320AD856D00214717 /* ContactDetails.swift in Sources */,
				8A219B9520AD859F00214717 /* Helper.swift in Sources */,
				8A219B7620AD819400214717 /* contactListSwift.xcdatamodeld in Sources */,
				8A219B9920AD87D900214717 /* person.swift in Sources */,
				8AA8F64420AEEAD0007B5556 /* GlobalSplitViewController.swift in Sources */,
				8A219B6E20AD819400214717 /* AppDelegate.swift in Sources */,
			);
			runOnlyForDeploymentPostprocessing = 0;
		};
		8A219B7D20AD819400214717 /* Sources */ = {
			isa = PBXSourcesBuildPhase;
			buildActionMask = 2147483647;
			files = (
				8A219B8620AD819500214717 /* contactListSwiftTests.swift in Sources */,
			);
			runOnlyForDeploymentPostprocessing = 0;
		};
/* End PBXSourcesBuildPhase section */

/* Begin PBXTargetDependency section */
		8A219B8320AD819500214717 /* PBXTargetDependency */ = {
			isa = PBXTargetDependency;
			target = 8A219B6920AD819400214717 /* contactListSwift */;
			targetProxy = 8A219B8220AD819500214717 /* PBXContainerItemProxy */;
		};
/* End PBXTargetDependency section */

/* Begin PBXVariantGroup section */
		8A219B7120AD819400214717 /* Main.storyboard */ = {
			isa = PBXVariantGroup;
			children = (
				8A219B7220AD819400214717 /* Base */,
			);
			name = Main.storyboard;
			sourceTree = "<group>";
		};
		8A219B7920AD819400214717 /* LaunchScreen.storyboard */ = {
			isa = PBXVariantGroup;
			children = (
				8A219B7A20AD819400214717 /* Base */,
			);
			name = LaunchScreen.storyboard;
			sourceTree = "<group>";
		};
/* End PBXVariantGroup section */

/* Begin XCBuildConfiguration section */
		8A219B8820AD819500214717 /* Debug */ = {
			isa = XCBuildConfiguration;
			buildSettings = {
				ALWAYS_SEARCH_USER_PATHS = NO;
				CLANG_ANALYZER_NONNULL = YES;
				CLANG_ANALYZER_NUMBER_OBJECT_CONVERSION = YES_AGGRESSIVE;
				CLANG_CXX_LANGUAGE_STANDARD = "gnu++14";
				CLANG_CXX_LIBRARY = "libc++";
				CLANG_ENABLE_MODULES = YES;
				CLANG_ENABLE_OBJC_ARC = YES;
				CLANG_WARN_BLOCK_CAPTURE_AUTORELEASING = YES;
				CLANG_WARN_BOOL_CONVERSION = YES;
				CLANG_WARN_COMMA = YES;
				CLANG_WARN_CONSTANT_CONVERSION = YES;
				CLANG_WARN_DIRECT_OBJC_ISA_USAGE = YES_ERROR;
				CLANG_WARN_DOCUMENTATION_COMMENTS = YES;
				CLANG_WARN_EMPTY_BODY = YES;
				CLANG_WARN_ENUM_CONVERSION = YES;
				CLANG_WARN_INFINITE_RECURSION = YES;
				CLANG_WARN_INT_CONVERSION = YES;
				CLANG_WARN_NON_LITERAL_NULL_CONVERSION = YES;
				CLANG_WARN_OBJC_LITERAL_CONVERSION = YES;
				CLANG_WARN_OBJC_ROOT_CLASS = YES_ERROR;
				CLANG_WARN_RANGE_LOOP_ANALYSIS = YES;
				CLANG_WARN_STRICT_PROTOTYPES = YES;
				CLANG_WARN_SUSPICIOUS_MOVE = YES;
				CLANG_WARN_UNGUARDED_AVAILABILITY = YES_AGGRESSIVE;
				CLANG_WARN_UNREACHABLE_CODE = YES;
				CLANG_WARN__DUPLICATE_METHOD_MATCH = YES;
				CODE_SIGN_IDENTITY = "iPhone Developer";
				COPY_PHASE_STRIP = NO;
				DEBUG_INFORMATION_FORMAT = dwarf;
				ENABLE_STRICT_OBJC_MSGSEND = YES;
				ENABLE_TESTABILITY = YES;
				GCC_C_LANGUAGE_STANDARD = gnu11;
				GCC_DYNAMIC_NO_PIC = NO;
				GCC_NO_COMMON_BLOCKS = YES;
				GCC_OPTIMIZATION_LEVEL = 0;
				GCC_PREPROCESSOR_DEFINITIONS = (
					"DEBUG=1",
					"$(inherited)",
				);
				GCC_WARN_64_TO_32_BIT_CONVERSION = YES;
				GCC_WARN_ABOUT_RETURN_TYPE = YES_ERROR;
				GCC_WARN_UNDECLARED_SELECTOR = YES;
				GCC_WARN_UNINITIALIZED_AUTOS = YES_AGGRESSIVE;
				GCC_WARN_UNUSED_FUNCTION = YES;
				GCC_WARN_UNUSED_VARIABLE = YES;
				IPHONEOS_DEPLOYMENT_TARGET = 11.1;
				MTL_ENABLE_DEBUG_INFO = YES;
				ONLY_ACTIVE_ARCH = YES;
				SDKROOT = iphoneos;
				SWIFT_ACTIVE_COMPILATION_CONDITIONS = DEBUG;
				SWIFT_OPTIMIZATION_LEVEL = "-Onone";
			};
			name = Debug;
		};
		8A219B8920AD819500214717 /* Release */ = {
			isa = XCBuildConfiguration;
			buildSettings = {
				ALWAYS_SEARCH_USER_PATHS = NO;
				CLANG_ANALYZER_NONNULL = YES;
				CLANG_ANALYZER_NUMBER_OBJECT_CONVERSION = YES_AGGRESSIVE;
				CLANG_CXX_LANGUAGE_STANDARD = "gnu++14";
				CLANG_CXX_LIBRARY = "libc++";
				CLANG_ENABLE_MODULES = YES;
				CLANG_ENABLE_OBJC_ARC = YES;
				CLANG_WARN_BLOCK_CAPTURE_AUTORELEASING = YES;
				CLANG_WARN_BOOL_CONVERSION = YES;
				CLANG_WARN_COMMA = YES;
				CLANG_WARN_CONSTANT_CONVERSION = YES;
				CLANG_WARN_DIRECT_OBJC_ISA_USAGE = YES_ERROR;
				CLANG_WARN_DOCUMENTATION_COMMENTS = YES;
				CLANG_WARN_EMPTY_BODY = YES;
				CLANG_WARN_ENUM_CONVERSION = YES;
				CLANG_WARN_INFINITE_RECURSION = YES;
				CLANG_WARN_INT_CONVERSION = YES;
				CLANG_WARN_NON_LITERAL_NULL_CONVERSION = YES;
				CLANG_WARN_OBJC_LITERAL_CONVERSION = YES;
				CLANG_WARN_OBJC_ROOT_CLASS = YES_ERROR;
				CLANG_WARN_RANGE_LOOP_ANALYSIS = YES;
				CLANG_WARN_STRICT_PROTOTYPES = YES;
				CLANG_WARN_SUSPICIOUS_MOVE = YES;
				CLANG_WARN_UNGUARDED_AVAILABILITY = YES_AGGRESSIVE;
				CLANG_WARN_UNREACHABLE_CODE = YES;
				CLANG_WARN__DUPLICATE_METHOD_MATCH = YES;
				CODE_SIGN_IDENTITY = "iPhone Developer";
				COPY_PHASE_STRIP = NO;
				DEBUG_INFORMATION_FORMAT = "dwarf-with-dsym";
				ENABLE_NS_ASSERTIONS = NO;
				ENABLE_STRICT_OBJC_MSGSEND = YES;
				GCC_C_LANGUAGE_STANDARD = gnu11;
				GCC_NO_COMMON_BLOCKS = YES;
				GCC_WARN_64_TO_32_BIT_CONVERSION = YES;
				GCC_WARN_ABOUT_RETURN_TYPE = YES_ERROR;
				GCC_WARN_UNDECLARED_SELECTOR = YES;
				GCC_WARN_UNINITIALIZED_AUTOS = YES_AGGRESSIVE;
				GCC_WARN_UNUSED_FUNCTION = YES;
				GCC_WARN_UNUSED_VARIABLE = YES;
				IPHONEOS_DEPLOYMENT_TARGET = 11.1;
				MTL_ENABLE_DEBUG_INFO = NO;
				SDKROOT = iphoneos;
				SWIFT_OPTIMIZATION_LEVEL = "-Owholemodule";
				VALIDATE_PRODUCT = YES;
			};
			name = Release;
		};
		8A219B8B20AD819500214717 /* Debug */ = {
			isa = XCBuildConfiguration;
			baseConfigurationReference = BFA29B73FD0210C5EC9DA24A /* Pods-contactListSwift.debug.xcconfig */;
			buildSettings = {
				ASSETCATALOG_COMPILER_APPICON_NAME = AppIcon;
				CODE_SIGN_STYLE = Automatic;
				DEVELOPMENT_TEAM = TU2SDZ8NR8;
				INFOPLIST_FILE = contactListSwift/Info.plist;
				IPHONEOS_DEPLOYMENT_TARGET = 11.0;
				LD_RUNPATH_SEARCH_PATHS = "$(inherited) @executable_path/Frameworks";
				PRODUCT_BUNDLE_IDENTIFIER = com.domainname.contact;
				PRODUCT_NAME = "$(TARGET_NAME)";
				SWIFT_VERSION = 4.0;
				TARGETED_DEVICE_FAMILY = "1,2";
			};
			name = Debug;
		};
		8A219B8C20AD819500214717 /* Release */ = {
			isa = XCBuildConfiguration;
			baseConfigurationReference = 006ED4E209F0BAB3FE5103D4 /* Pods-contactListSwift.release.xcconfig */;
			buildSettings = {
				ASSETCATALOG_COMPILER_APPICON_NAME = AppIcon;
				CODE_SIGN_STYLE = Automatic;
				DEVELOPMENT_TEAM = TU2SDZ8NR8;
				INFOPLIST_FILE = contactListSwift/Info.plist;
				IPHONEOS_DEPLOYMENT_TARGET = 11.0;
				LD_RUNPATH_SEARCH_PATHS = "$(inherited) @executable_path/Frameworks";
				PRODUCT_BUNDLE_IDENTIFIER = com.domainname.contact;
				PRODUCT_NAME = "$(TARGET_NAME)";
				SWIFT_VERSION = 4.0;
				TARGETED_DEVICE_FAMILY = "1,2";
			};
			name = Release;
		};
		8A219B8E20AD819500214717 /* Debug */ = {
			isa = XCBuildConfiguration;
			baseConfigurationReference = 716B0178BFFBC83BE77BCB92 /* Pods-contactListSwiftTests.debug.xcconfig */;
			buildSettings = {
				ALWAYS_EMBED_SWIFT_STANDARD_LIBRARIES = YES;
				BUNDLE_LOADER = "$(TEST_HOST)";
				CODE_SIGN_STYLE = Automatic;
				DEVELOPMENT_TEAM = TU2SDZ8NR8;
				INFOPLIST_FILE = contactListSwiftTests/Info.plist;
				LD_RUNPATH_SEARCH_PATHS = "$(inherited) @executable_path/Frameworks @loader_path/Frameworks";
				PRODUCT_BUNDLE_IDENTIFIER = anuran.contactListSwiftTests;
				PRODUCT_NAME = "$(TARGET_NAME)";
				SWIFT_VERSION = 4.0;
				TARGETED_DEVICE_FAMILY = "1,2";
				TEST_HOST = "$(BUILT_PRODUCTS_DIR)/contactListSwift.app/contactListSwift";
			};
			name = Debug;
		};
		8A219B8F20AD819500214717 /* Release */ = {
			isa = XCBuildConfiguration;
			baseConfigurationReference = 38FB162C9EF39DA0226EE618 /* Pods-contactListSwiftTests.release.xcconfig */;
			buildSettings = {
				ALWAYS_EMBED_SWIFT_STANDARD_LIBRARIES = YES;
				BUNDLE_LOADER = "$(TEST_HOST)";
				CODE_SIGN_STYLE = Automatic;
				DEVELOPMENT_TEAM = TU2SDZ8NR8;
				INFOPLIST_FILE = contactListSwiftTests/Info.plist;
				LD_RUNPATH_SEARCH_PATHS = "$(inherited) @executable_path/Frameworks @loader_path/Frameworks";
				PRODUCT_BUNDLE_IDENTIFIER = anuran.contactListSwiftTests;
				PRODUCT_NAME = "$(TARGET_NAME)";
				SWIFT_VERSION = 4.0;
				TARGETED_DEVICE_FAMILY = "1,2";
				TEST_HOST = "$(BUILT_PRODUCTS_DIR)/contactListSwift.app/contactListSwift";
			};
			name = Release;
		};
/* End XCBuildConfiguration section */

/* Begin XCConfigurationList section */
		8A219B6520AD819400214717 /* Build configuration list for PBXProject "contactListSwift" */ = {
			isa = XCConfigurationList;
			buildConfigurations = (
				8A219B8820AD819500214717 /* Debug */,
				8A219B8920AD819500214717 /* Release */,
			);
			defaultConfigurationIsVisible = 0;
			defaultConfigurationName = Release;
		};
		8A219B8A20AD819500214717 /* Build configuration list for PBXNativeTarget "contactListSwift" */ = {
			isa = XCConfigurationList;
			buildConfigurations = (
				8A219B8B20AD819500214717 /* Debug */,
				8A219B8C20AD819500214717 /* Release */,
			);
			defaultConfigurationIsVisible = 0;
			defaultConfigurationName = Release;
		};
		8A219B8D20AD819500214717 /* Build configuration list for PBXNativeTarget "contactListSwiftTests" */ = {
			isa = XCConfigurationList;
			buildConfigurations = (
				8A219B8E20AD819500214717 /* Debug */,
				8A219B8F20AD819500214717 /* Release */,
			);
			defaultConfigurationIsVisible = 0;
			defaultConfigurationName = Release;
		};
/* End XCConfigurationList section */

/* Begin XCVersionGroup section */
		8A219B7420AD819400214717 /* contactListSwift.xcdatamodeld */ = {
			isa = XCVersionGroup;
			children = (
				8A219B7520AD819400214717 /* contactListSwift.xcdatamodel */,
			);
			currentVersion = 8A219B7520AD819400214717 /* contactListSwift.xcdatamodel */;
			path = contactListSwift.xcdatamodeld;
			sourceTree = "<group>";
			versionGroupType = wrapper.xcdatamodel;
		};
/* End XCVersionGroup section */
	};
	rootObject = 8A219B6220AD819400214717 /* Project object */;
}
